# This file is autogenerated, do not edit; changes may be undone by the next 'dep ensure'.


[[projects]]
  branch = "master"
  name = "github.com/pelletier/go-toml"
  packages = ["."]
  revision = "0131db6d737cfbbfb678f8b7d92e55e27ce46224"

[solve-meta]
  analyzer-name = "dep"
  analyzer-version = 1
  inputs-digest = "24db4362d23306bb9f47b189e41eef52cee004fb8e8808c1cc1cc08843f20344"
  solver-name = "gps-cdcl"
  solver-version = 1
