# This file is autogenerated, do not edit; changes may be undone by the next 'dep ensure'.


[[projects]]
  name = "github.com/pelletier/go-toml"
  packages = ["."]
  revision = "16398bac157da96aa88f98a2df640c7f32af1da2"
  version = "v1.0.1"

[solve-meta]
  analyzer-name = "dep"
  analyzer-version = 1
  inputs-digest = "6353b2bc172d7cd66cdc4e2d0c4575a7fcece48c2fc6cc50bdc6720040eb3abe"
  solver-name = "gps-cdcl"
  solver-version = 1
